
Microsoft Visual Studio Solution File, Format Version 12.00
# Visual Studio Version 16
VisualStudioVersion = 16.0.31727.386
MinimumVisualStudioVersion = 10.0.40219.1
Project("{FAE04EC0-301F-11D3-BF4B-00C04F79EFBC}") = "ConsoleApp1", "ConsoleApp1.csproj", "{627B92E4-5564-4F0D-9699-5F75E2E246D7}"
EndProject
Global
	GlobalSection(SolutionConfigurationPlatforms) = preSolution
		Debug|Any CPU = Debug|Any CPU
		Release|Any CPU = Release|Any CPU
	EndGlobalSection
	GlobalSection(ProjectConfigurationPlatforms) = postSolution
		{627B92E4-5564-4F0D-9699-5F75E2E246D7}.Debug|Any CPU.ActiveCfg = Debug|Any CPU
		{627B92E4-5564-4F0D-9699-5F75E2E246D7}.Debug|Any CPU.Build.0 = Debug|Any CPU
		{627B92E4-5564-4F0D-9699-5F75E2E246D7}.Release|Any CPU.ActiveCfg = Release|Any CPU
		{627B92E4-5564-4F0D-9699-5F75E2E246D7}.Release|Any CPU.Build.0 = Release|Any CPU
	EndGlobalSection
	GlobalSection(SolutionProperties) = preSolution
		HideSolutionNode = FALSE
	EndGlobalSection
	GlobalSection(ExtensibilityGlobals) = postSolution
		SolutionGuid = {B0702827-295A-4110-9874-6789DDE2E0F9}
	EndGlobalSection
EndGlobal
